
Microsoft Visual Studio Solution File, Format Version 12.00
# Visual Studio 15
VisualStudioVersion = 15.0.28307.329
MinimumVisualStudioVersion = 10.0.40219.1
Project("{9A19103F-16F7-4668-BE54-9A1E7A4F7556}") = "Blun.MQ", "Blun.MQ\Blun.MQ.csproj", "{72F008C7-3720-4623-8E6D-F87C28FA4CF2}"
EndProject
Project("{9A19103F-16F7-4668-BE54-9A1E7A4F7556}") = "Blun.MQ.Test", "Blun.MQ.Test\Blun.MQ.Test.csproj", "{807C0C11-3E9F-41A3-9076-0ECD637369B1}"
EndProject
Project("{9A19103F-16F7-4668-BE54-9A1E7A4F7556}") = "Blun.MQ.AwsSQS", "Blun.MQ.AwsSQS\Blun.MQ.AwsSQS.csproj", "{EE0D4D01-3400-4486-B291-974D609AC1BD}"
EndProject
Project("{9A19103F-16F7-4668-BE54-9A1E7A4F7556}") = "Blun.MQ.RabbitMQ", "Blun.MQ.RabbitMQ\Blun.MQ.RabbitMQ.csproj", "{CF4CDE8C-8785-4AEF-B371-96C3F87E0AE7}"
EndProject
Project("{9A19103F-16F7-4668-BE54-9A1E7A4F7556}") = "Blun.MQ.AmqpNetLite", "Blun.MQ.AmqpNetLite\Blun.MQ.AmqpNetLite.csproj", "{7A4E2BF7-0C5B-41BE-8DB2-8E1FDA5D6D20}"
EndProject
Project("{9A19103F-16F7-4668-BE54-9A1E7A4F7556}") = "Blun.MQ.Abstractions", "Blun.MQ.Abstractions\Blun.MQ.Abstractions.csproj", "{CDA8FF94-91A2-44FC-B3E8-6EC7ECEE5CEB}"
EndProject
Project("{FAE04EC0-301F-11D3-BF4B-00C04F79EFBC}") = "Blun.MQ.Example", "Blun.MQ.Example\Blun.MQ.Example.csproj", "{3DB25BD2-B490-4AF3-92EB-BED9973A3D89}"
EndProject
Global
	GlobalSection(SolutionConfigurationPlatforms) = preSolution
		Debug|Any CPU = Debug|Any CPU
		Release|Any CPU = Release|Any CPU
	EndGlobalSection
	GlobalSection(ProjectConfigurationPlatforms) = postSolution
		{72F008C7-3720-4623-8E6D-F87C28FA4CF2}.Debug|Any CPU.ActiveCfg = Debug|Any CPU
		{72F008C7-3720-4623-8E6D-F87C28FA4CF2}.Debug|Any CPU.Build.0 = Debug|Any CPU
		{72F008C7-3720-4623-8E6D-F87C28FA4CF2}.Release|Any CPU.ActiveCfg = Release|Any CPU
		{72F008C7-3720-4623-8E6D-F87C28FA4CF2}.Release|Any CPU.Build.0 = Release|Any CPU
		{807C0C11-3E9F-41A3-9076-0ECD637369B1}.Debug|Any CPU.ActiveCfg = Debug|Any CPU
		{807C0C11-3E9F-41A3-9076-0ECD637369B1}.Debug|Any CPU.Build.0 = Debug|Any CPU
		{807C0C11-3E9F-41A3-9076-0ECD637369B1}.Release|Any CPU.ActiveCfg = Release|Any CPU
		{807C0C11-3E9F-41A3-9076-0ECD637369B1}.Release|Any CPU.Build.0 = Release|Any CPU
		{EE0D4D01-3400-4486-B291-974D609AC1BD}.Debug|Any CPU.ActiveCfg = Debug|Any CPU
		{EE0D4D01-3400-4486-B291-974D609AC1BD}.Debug|Any CPU.Build.0 = Debug|Any CPU
		{EE0D4D01-3400-4486-B291-974D609AC1BD}.Release|Any CPU.ActiveCfg = Release|Any CPU
		{EE0D4D01-3400-4486-B291-974D609AC1BD}.Release|Any CPU.Build.0 = Release|Any CPU
		{CF4CDE8C-8785-4AEF-B371-96C3F87E0AE7}.Debug|Any CPU.ActiveCfg = Debug|Any CPU
		{CF4CDE8C-8785-4AEF-B371-96C3F87E0AE7}.Debug|Any CPU.Build.0 = Debug|Any CPU
		{CF4CDE8C-8785-4AEF-B371-96C3F87E0AE7}.Release|Any CPU.ActiveCfg = Release|Any CPU
		{CF4CDE8C-8785-4AEF-B371-96C3F87E0AE7}.Release|Any CPU.Build.0 = Release|Any CPU
		{7A4E2BF7-0C5B-41BE-8DB2-8E1FDA5D6D20}.Debug|Any CPU.ActiveCfg = Debug|Any CPU
		{7A4E2BF7-0C5B-41BE-8DB2-8E1FDA5D6D20}.Debug|Any CPU.Build.0 = Debug|Any CPU
		{7A4E2BF7-0C5B-41BE-8DB2-8E1FDA5D6D20}.Release|Any CPU.ActiveCfg = Release|Any CPU
		{7A4E2BF7-0C5B-41BE-8DB2-8E1FDA5D6D20}.Release|Any CPU.Build.0 = Release|Any CPU
		{CDA8FF94-91A2-44FC-B3E8-6EC7ECEE5CEB}.Debug|Any CPU.ActiveCfg = Debug|Any CPU
		{CDA8FF94-91A2-44FC-B3E8-6EC7ECEE5CEB}.Debug|Any CPU.Build.0 = Debug|Any CPU
		{CDA8FF94-91A2-44FC-B3E8-6EC7ECEE5CEB}.Release|Any CPU.ActiveCfg = Release|Any CPU
		{CDA8FF94-91A2-44FC-B3E8-6EC7ECEE5CEB}.Release|Any CPU.Build.0 = Release|Any CPU
		{3DB25BD2-B490-4AF3-92EB-BED9973A3D89}.Debug|Any CPU.ActiveCfg = Debug|Any CPU
		{3DB25BD2-B490-4AF3-92EB-BED9973A3D89}.Debug|Any CPU.Build.0 = Debug|Any CPU
		{3DB25BD2-B490-4AF3-92EB-BED9973A3D89}.Release|Any CPU.ActiveCfg = Release|Any CPU
		{3DB25BD2-B490-4AF3-92EB-BED9973A3D89}.Release|Any CPU.Build.0 = Release|Any CPU
	EndGlobalSection
	GlobalSection(SolutionProperties) = preSolution
		HideSolutionNode = FALSE
	EndGlobalSection
	GlobalSection(ExtensibilityGlobals) = postSolution
		SolutionGuid = {47867CC7-5231-43C7-944B-5F095D83FD05}
	EndGlobalSection
EndGlobal
